// !$*UTF8*$!
{
	archiveVersion = 1;
	classes = {
	};
	objectVersion = 46;
	objects = {

/* Begin PBXBuildFile section */
		610C094B1AF954C70061FDA3 /* AppDelegate.swift in Sources */ = {isa = PBXBuildFile; fileRef = 610C094A1AF954C70061FDA3 /* AppDelegate.swift */; };
		610C094D1AF954C70061FDA3 /* PrepShoppingListViewController.swift in Sources */ = {isa = PBXBuildFile; fileRef = 610C094C1AF954C70061FDA3 /* PrepShoppingListViewController.swift */; };
		610C094F1AF954C70061FDA3 /* ScanItemViewController.swift in Sources */ = {isa = PBXBuildFile; fileRef = 610C094E1AF954C70061FDA3 /* ScanItemViewController.swift */; };
		610C09521AF954C70061FDA3 /* Main.storyboard in Resources */ = {isa = PBXBuildFile; fileRef = 610C09501AF954C70061FDA3 /* Main.storyboard */; };
		610C09541AF954C70061FDA3 /* Images.xcassets in Resources */ = {isa = PBXBuildFile; fileRef = 610C09531AF954C70061FDA3 /* Images.xcassets */; };
		610C09571AF954C70061FDA3 /* LaunchScreen.xib in Resources */ = {isa = PBXBuildFile; fileRef = 610C09551AF954C70061FDA3 /* LaunchScreen.xib */; };
		610C09631AF954C70061FDA3 /* MyPantryTests.swift in Sources */ = {isa = PBXBuildFile; fileRef = 610C09621AF954C70061FDA3 /* MyPantryTests.swift */; };
		610C096D1AF963990061FDA3 /* PantryListViewController.swift in Sources */ = {isa = PBXBuildFile; fileRef = 610C096C1AF963990061FDA3 /* PantryListViewController.swift */; };
		6132706B1B2645190051FADF /* MyPantry.xcdatamodeld in Sources */ = {isa = PBXBuildFile; fileRef = 613270691B2645190051FADF /* MyPantry.xcdatamodeld */; };
		613270A01B26F4370051FADF /* PrepShoppingListItemsViewController.swift in Sources */ = {isa = PBXBuildFile; fileRef = 6132709F1B26F4370051FADF /* PrepShoppingListItemsViewController.swift */; };
		61CF8E051B06BA64005725A0 /* RSCode39Generator.swift in Sources */ = {isa = PBXBuildFile; fileRef = 61CF8DF41B06BA64005725A0 /* RSCode39Generator.swift */; };
		61CF8E061B06BA64005725A0 /* RSCode39Mod43Generator.swift in Sources */ = {isa = PBXBuildFile; fileRef = 61CF8DF51B06BA64005725A0 /* RSCode39Mod43Generator.swift */; };
		61CF8E071B06BA64005725A0 /* RSCode93Generator.swift in Sources */ = {isa = PBXBuildFile; fileRef = 61CF8DF61B06BA64005725A0 /* RSCode93Generator.swift */; };
		61CF8E081B06BA64005725A0 /* RSCode128Generator.swift in Sources */ = {isa = PBXBuildFile; fileRef = 61CF8DF71B06BA64005725A0 /* RSCode128Generator.swift */; };
		61CF8E091B06BA64005725A0 /* RSCodeGenerator.swift in Sources */ = {isa = PBXBuildFile; fileRef = 61CF8DF81B06BA64005725A0 /* RSCodeGenerator.swift */; };
		61CF8E0A1B06BA64005725A0 /* RSCodeLayer.swift in Sources */ = {isa = PBXBuildFile; fileRef = 61CF8DF91B06BA64005725A0 /* RSCodeLayer.swift */; };
		61CF8E0B1B06BA64005725A0 /* RSCodeReaderViewController.swift in Sources */ = {isa = PBXBuildFile; fileRef = 61CF8DFA1B06BA64005725A0 /* RSCodeReaderViewController.swift */; };
		61CF8E0C1B06BA64005725A0 /* RSCornersLayer.swift in Sources */ = {isa = PBXBuildFile; fileRef = 61CF8DFB1B06BA64005725A0 /* RSCornersLayer.swift */; };
		61CF8E0D1B06BA64005725A0 /* RSEANGenerator.swift in Sources */ = {isa = PBXBuildFile; fileRef = 61CF8DFC1B06BA64005725A0 /* RSEANGenerator.swift */; };
		61CF8E0E1B06BA64005725A0 /* RSExtendedCode39Generator.swift in Sources */ = {isa = PBXBuildFile; fileRef = 61CF8DFD1B06BA64005725A0 /* RSExtendedCode39Generator.swift */; };
		61CF8E0F1B06BA64005725A0 /* RSFocusMarkLayer.swift in Sources */ = {isa = PBXBuildFile; fileRef = 61CF8DFE1B06BA64005725A0 /* RSFocusMarkLayer.swift */; };
		61CF8E101B06BA64005725A0 /* RSITF14Generator.swift in Sources */ = {isa = PBXBuildFile; fileRef = 61CF8DFF1B06BA64005725A0 /* RSITF14Generator.swift */; };
		61CF8E111B06BA64005725A0 /* RSITFGenerator.swift in Sources */ = {isa = PBXBuildFile; fileRef = 61CF8E001B06BA64005725A0 /* RSITFGenerator.swift */; };
		61CF8E121B06BA64005725A0 /* RSUnifiedCodeGenerator.swift in Sources */ = {isa = PBXBuildFile; fileRef = 61CF8E011B06BA64005725A0 /* RSUnifiedCodeGenerator.swift */; };
		61CF8E131B06BA64005725A0 /* RSUPCEGenerator.swift in Sources */ = {isa = PBXBuildFile; fileRef = 61CF8E021B06BA64005725A0 /* RSUPCEGenerator.swift */; };
		61CF8E141B06BA64005725A0 /* StringExtension.swift in Sources */ = {isa = PBXBuildFile; fileRef = 61CF8E031B06BA64005725A0 /* StringExtension.swift */; };
		61CF8E151B06BA64005725A0 /* UIColorExtension.swift in Sources */ = {isa = PBXBuildFile; fileRef = 61CF8E041B06BA64005725A0 /* UIColorExtension.swift */; };
		61CF8E171B06BDFD005725A0 /* AddItemViewController.swift in Sources */ = {isa = PBXBuildFile; fileRef = 61CF8E161B06BDFD005725A0 /* AddItemViewController.swift */; };
		61CF8E191B0720E1005725A0 /* ShoppingListViewController.swift in Sources */ = {isa = PBXBuildFile; fileRef = 61CF8E181B0720E1005725A0 /* ShoppingListViewController.swift */; };
		61DA8EF41B16885B00ED37B7 /* CategoryViewController.swift in Sources */ = {isa = PBXBuildFile; fileRef = 61DA8EF31B16885B00ED37B7 /* CategoryViewController.swift */; };
/* End PBXBuildFile section */

/* Begin PBXContainerItemProxy section */
		610C095D1AF954C70061FDA3 /* PBXContainerItemProxy */ = {
			isa = PBXContainerItemProxy;
			containerPortal = 610C093D1AF954C70061FDA3 /* Project object */;
			proxyType = 1;
			remoteGlobalIDString = 610C09441AF954C70061FDA3;
			remoteInfo = MyPantry;
		};
/* End PBXContainerItemProxy section */

/* Begin PBXFileReference section */
		610C09451AF954C70061FDA3 /* MyPantry.app */ = {isa = PBXFileReference; explicitFileType = wrapper.application; includeInIndex = 0; path = MyPantry.app; sourceTree = BUILT_PRODUCTS_DIR; };
		610C09491AF954C70061FDA3 /* Info.plist */ = {isa = PBXFileReference; lastKnownFileType = text.plist.xml; path = Info.plist; sourceTree = "<group>"; };
		610C094A1AF954C70061FDA3 /* AppDelegate.swift */ = {isa = PBXFileReference; lastKnownFileType = sourcecode.swift; path = AppDelegate.swift; sourceTree = "<group>"; };
		610C094C1AF954C70061FDA3 /* PrepShoppingListViewController.swift */ = {isa = PBXFileReference; lastKnownFileType = sourcecode.swift; path = PrepShoppingListViewController.swift; sourceTree = "<group>"; };
		610C094E1AF954C70061FDA3 /* ScanItemViewController.swift */ = {isa = PBXFileReference; lastKnownFileType = sourcecode.swift; path = ScanItemViewController.swift; sourceTree = "<group>"; };
		610C09511AF954C70061FDA3 /* Base */ = {isa = PBXFileReference; lastKnownFileType = file.storyboard; name = Base; path = Base.lproj/Main.storyboard; sourceTree = "<group>"; };
		610C09531AF954C70061FDA3 /* Images.xcassets */ = {isa = PBXFileReference; lastKnownFileType = folder.assetcatalog; path = Images.xcassets; sourceTree = "<group>"; };
		610C09561AF954C70061FDA3 /* Base */ = {isa = PBXFileReference; lastKnownFileType = file.xib; name = Base; path = Base.lproj/LaunchScreen.xib; sourceTree = "<group>"; };
		610C095C1AF954C70061FDA3 /* MyPantryTests.xctest */ = {isa = PBXFileReference; explicitFileType = wrapper.cfbundle; includeInIndex = 0; path = MyPantryTests.xctest; sourceTree = BUILT_PRODUCTS_DIR; };
		610C09611AF954C70061FDA3 /* Info.plist */ = {isa = PBXFileReference; lastKnownFileType = text.plist.xml; path = Info.plist; sourceTree = "<group>"; };
		610C09621AF954C70061FDA3 /* MyPantryTests.swift */ = {isa = PBXFileReference; lastKnownFileType = sourcecode.swift; path = MyPantryTests.swift; sourceTree = "<group>"; };
		610C096C1AF963990061FDA3 /* PantryListViewController.swift */ = {isa = PBXFileReference; fileEncoding = 4; lastKnownFileType = sourcecode.swift; path = PantryListViewController.swift; sourceTree = "<group>"; };
		6132706A1B2645190051FADF /* MyPantry.xcdatamodel */ = {isa = PBXFileReference; lastKnownFileType = wrapper.xcdatamodel; path = MyPantry.xcdatamodel; sourceTree = "<group>"; };
		6132709F1B26F4370051FADF /* PrepShoppingListItemsViewController.swift */ = {isa = PBXFileReference; fileEncoding = 4; lastKnownFileType = sourcecode.swift; path = PrepShoppingListItemsViewController.swift; sourceTree = "<group>"; };
		61CF8DF41B06BA64005725A0 /* RSCode39Generator.swift */ = {isa = PBXFileReference; fileEncoding = 4; lastKnownFileType = sourcecode.swift; path = RSCode39Generator.swift; sourceTree = "<group>"; };
		61CF8DF51B06BA64005725A0 /* RSCode39Mod43Generator.swift */ = {isa = PBXFileReference; fileEncoding = 4; lastKnownFileType = sourcecode.swift; path = RSCode39Mod43Generator.swift; sourceTree = "<group>"; };
		61CF8DF61B06BA64005725A0 /* RSCode93Generator.swift */ = {isa = PBXFileReference; fileEncoding = 4; lastKnownFileType = sourcecode.swift; path = RSCode93Generator.swift; sourceTree = "<group>"; };
		61CF8DF71B06BA64005725A0 /* RSCode128Generator.swift */ = {isa = PBXFileReference; fileEncoding = 4; lastKnownFileType = sourcecode.swift; path = RSCode128Generator.swift; sourceTree = "<group>"; };
		61CF8DF81B06BA64005725A0 /* RSCodeGenerator.swift */ = {isa = PBXFileReference; fileEncoding = 4; lastKnownFileType = sourcecode.swift; path = RSCodeGenerator.swift; sourceTree = "<group>"; };
		61CF8DF91B06BA64005725A0 /* RSCodeLayer.swift */ = {isa = PBXFileReference; fileEncoding = 4; lastKnownFileType = sourcecode.swift; path = RSCodeLayer.swift; sourceTree = "<group>"; };
		61CF8DFA1B06BA64005725A0 /* RSCodeReaderViewController.swift */ = {isa = PBXFileReference; fileEncoding = 4; lastKnownFileType = sourcecode.swift; path = RSCodeReaderViewController.swift; sourceTree = "<group>"; };
		61CF8DFB1B06BA64005725A0 /* RSCornersLayer.swift */ = {isa = PBXFileReference; fileEncoding = 4; lastKnownFileType = sourcecode.swift; path = RSCornersLayer.swift; sourceTree = "<group>"; };
		61CF8DFC1B06BA64005725A0 /* RSEANGenerator.swift */ = {isa = PBXFileReference; fileEncoding = 4; lastKnownFileType = sourcecode.swift; path = RSEANGenerator.swift; sourceTree = "<group>"; };
		61CF8DFD1B06BA64005725A0 /* RSExtendedCode39Generator.swift */ = {isa = PBXFileReference; fileEncoding = 4; lastKnownFileType = sourcecode.swift; path = RSExtendedCode39Generator.swift; sourceTree = "<group>"; };
		61CF8DFE1B06BA64005725A0 /* RSFocusMarkLayer.swift */ = {isa = PBXFileReference; fileEncoding = 4; lastKnownFileType = sourcecode.swift; path = RSFocusMarkLayer.swift; sourceTree = "<group>"; };
		61CF8DFF1B06BA64005725A0 /* RSITF14Generator.swift */ = {isa = PBXFileReference; fileEncoding = 4; lastKnownFileType = sourcecode.swift; path = RSITF14Generator.swift; sourceTree = "<group>"; };
		61CF8E001B06BA64005725A0 /* RSITFGenerator.swift */ = {isa = PBXFileReference; fileEncoding = 4; lastKnownFileType = sourcecode.swift; path = RSITFGenerator.swift; sourceTree = "<group>"; };
		61CF8E011B06BA64005725A0 /* RSUnifiedCodeGenerator.swift */ = {isa = PBXFileReference; fileEncoding = 4; lastKnownFileType = sourcecode.swift; path = RSUnifiedCodeGenerator.swift; sourceTree = "<group>"; };
		61CF8E021B06BA64005725A0 /* RSUPCEGenerator.swift */ = {isa = PBXFileReference; fileEncoding = 4; lastKnownFileType = sourcecode.swift; path = RSUPCEGenerator.swift; sourceTree = "<group>"; };
		61CF8E031B06BA64005725A0 /* StringExtension.swift */ = {isa = PBXFileReference; fileEncoding = 4; lastKnownFileType = sourcecode.swift; path = StringExtension.swift; sourceTree = "<group>"; };
		61CF8E041B06BA64005725A0 /* UIColorExtension.swift */ = {isa = PBXFileReference; fileEncoding = 4; lastKnownFileType = sourcecode.swift; path = UIColorExtension.swift; sourceTree = "<group>"; };
		61CF8E161B06BDFD005725A0 /* AddItemViewController.swift */ = {isa = PBXFileReference; fileEncoding = 4; lastKnownFileType = sourcecode.swift; path = AddItemViewController.swift; sourceTree = "<group>"; };
		61CF8E181B0720E1005725A0 /* ShoppingListViewController.swift */ = {isa = PBXFileReference; fileEncoding = 4; lastKnownFileType = sourcecode.swift; path = ShoppingListViewController.swift; sourceTree = "<group>"; };
		61DA8EF31B16885B00ED37B7 /* CategoryViewController.swift */ = {isa = PBXFileReference; fileEncoding = 4; lastKnownFileType = sourcecode.swift; path = CategoryViewController.swift; sourceTree = "<group>"; };
/* End PBXFileReference section */

/* Begin PBXFrameworksBuildPhase section */
		610C09421AF954C70061FDA3 /* Frameworks */ = {
			isa = PBXFrameworksBuildPhase;
			buildActionMask = 2147483647;
			files = (
			);
			runOnlyForDeploymentPostprocessing = 0;
		};
		610C09591AF954C70061FDA3 /* Frameworks */ = {
			isa = PBXFrameworksBuildPhase;
			buildActionMask = 2147483647;
			files = (
			);
			runOnlyForDeploymentPostprocessing = 0;
		};
/* End PBXFrameworksBuildPhase section */

/* Begin PBXGroup section */
		610C093C1AF954C70061FDA3 = {
			isa = PBXGroup;
			children = (
				610C09471AF954C70061FDA3 /* MyPantry */,
				610C095F1AF954C70061FDA3 /* MyPantryTests */,
				610C09461AF954C70061FDA3 /* Products */,
			);
			sourceTree = "<group>";
		};
		610C09461AF954C70061FDA3 /* Products */ = {
			isa = PBXGroup;
			children = (
				610C09451AF954C70061FDA3 /* MyPantry.app */,
				610C095C1AF954C70061FDA3 /* MyPantryTests.xctest */,
			);
			name = Products;
			sourceTree = "<group>";
		};
		610C09471AF954C70061FDA3 /* MyPantry */ = {
			isa = PBXGroup;
			children = (
				610C094A1AF954C70061FDA3 /* AppDelegate.swift */,
				610C096E1AF9665C0061FDA3 /* View Controllers */,
				610C09501AF954C70061FDA3 /* Main.storyboard */,
				613270691B2645190051FADF /* MyPantry.xcdatamodeld */,
				610C09531AF954C70061FDA3 /* Images.xcassets */,
				610C09551AF954C70061FDA3 /* LaunchScreen.xib */,
				61CF8DF11B06BA06005725A0 /* Frameworks */,
				610C09481AF954C70061FDA3 /* Supporting Files */,
			);
			path = MyPantry;
			sourceTree = "<group>";
		};
		610C09481AF954C70061FDA3 /* Supporting Files */ = {
			isa = PBXGroup;
			children = (
				610C09491AF954C70061FDA3 /* Info.plist */,
			);
			name = "Supporting Files";
			sourceTree = "<group>";
		};
		610C095F1AF954C70061FDA3 /* MyPantryTests */ = {
			isa = PBXGroup;
			children = (
				610C09621AF954C70061FDA3 /* MyPantryTests.swift */,
				610C09601AF954C70061FDA3 /* Supporting Files */,
			);
			path = MyPantryTests;
			sourceTree = "<group>";
		};
		610C09601AF954C70061FDA3 /* Supporting Files */ = {
			isa = PBXGroup;
			children = (
				610C09611AF954C70061FDA3 /* Info.plist */,
			);
			name = "Supporting Files";
			sourceTree = "<group>";
		};
		610C096E1AF9665C0061FDA3 /* View Controllers */ = {
			isa = PBXGroup;
			children = (
				61CF8E161B06BDFD005725A0 /* AddItemViewController.swift */,
				61DA8EF31B16885B00ED37B7 /* CategoryViewController.swift */,
				610C096C1AF963990061FDA3 /* PantryListViewController.swift */,
				610C094C1AF954C70061FDA3 /* PrepShoppingListViewController.swift */,
				6132709F1B26F4370051FADF /* PrepShoppingListItemsViewController.swift */,
				610C094E1AF954C70061FDA3 /* ScanItemViewController.swift */,
				61CF8E181B0720E1005725A0 /* ShoppingListViewController.swift */,
			);
			name = "View Controllers";
			sourceTree = "<group>";
		};
		61CF8DF11B06BA06005725A0 /* Frameworks */ = {
			isa = PBXGroup;
			children = (
				61CF8DF21B06BA25005725A0 /* RSBarcodes */,
			);
			name = Frameworks;
			sourceTree = "<group>";
		};
		61CF8DF21B06BA25005725A0 /* RSBarcodes */ = {
			isa = PBXGroup;
			children = (
				61CF8DF31B06BA32005725A0 /* Source */,
			);
			name = RSBarcodes;
			sourceTree = "<group>";
		};
		61CF8DF31B06BA32005725A0 /* Source */ = {
			isa = PBXGroup;
			children = (
				61CF8DF41B06BA64005725A0 /* RSCode39Generator.swift */,
				61CF8DF51B06BA64005725A0 /* RSCode39Mod43Generator.swift */,
				61CF8DF61B06BA64005725A0 /* RSCode93Generator.swift */,
				61CF8DF71B06BA64005725A0 /* RSCode128Generator.swift */,
				61CF8DF81B06BA64005725A0 /* RSCodeGenerator.swift */,
				61CF8DF91B06BA64005725A0 /* RSCodeLayer.swift */,
				61CF8DFA1B06BA64005725A0 /* RSCodeReaderViewController.swift */,
				61CF8DFB1B06BA64005725A0 /* RSCornersLayer.swift */,
				61CF8DFC1B06BA64005725A0 /* RSEANGenerator.swift */,
				61CF8DFD1B06BA64005725A0 /* RSExtendedCode39Generator.swift */,
				61CF8DFE1B06BA64005725A0 /* RSFocusMarkLayer.swift */,
				61CF8DFF1B06BA64005725A0 /* RSITF14Generator.swift */,
				61CF8E001B06BA64005725A0 /* RSITFGenerator.swift */,
				61CF8E011B06BA64005725A0 /* RSUnifiedCodeGenerator.swift */,
				61CF8E021B06BA64005725A0 /* RSUPCEGenerator.swift */,
				61CF8E031B06BA64005725A0 /* StringExtension.swift */,
				61CF8E041B06BA64005725A0 /* UIColorExtension.swift */,
			);
			name = Source;
			sourceTree = "<group>";
		};
/* End PBXGroup section */

/* Begin PBXNativeTarget section */
		610C09441AF954C70061FDA3 /* MyPantry */ = {
			isa = PBXNativeTarget;
			buildConfigurationList = 610C09661AF954C70061FDA3 /* Build configuration list for PBXNativeTarget "MyPantry" */;
			buildPhases = (
				610C09411AF954C70061FDA3 /* Sources */,
				610C09421AF954C70061FDA3 /* Frameworks */,
				610C09431AF954C70061FDA3 /* Resources */,
			);
			buildRules = (
			);
			dependencies = (
			);
			name = MyPantry;
			productName = MyPantry;
			productReference = 610C09451AF954C70061FDA3 /* MyPantry.app */;
			productType = "com.apple.product-type.application";
		};
		610C095B1AF954C70061FDA3 /* MyPantryTests */ = {
			isa = PBXNativeTarget;
			buildConfigurationList = 610C09691AF954C70061FDA3 /* Build configuration list for PBXNativeTarget "MyPantryTests" */;
			buildPhases = (
				610C09581AF954C70061FDA3 /* Sources */,
				610C09591AF954C70061FDA3 /* Frameworks */,
				610C095A1AF954C70061FDA3 /* Resources */,
			);
			buildRules = (
			);
			dependencies = (
				610C095E1AF954C70061FDA3 /* PBXTargetDependency */,
			);
			name = MyPantryTests;
			productName = MyPantryTests;
			productReference = 610C095C1AF954C70061FDA3 /* MyPantryTests.xctest */;
			productType = "com.apple.product-type.bundle.unit-test";
		};
/* End PBXNativeTarget section */

/* Begin PBXProject section */
		610C093D1AF954C70061FDA3 /* Project object */ = {
			isa = PBXProject;
			attributes = {
				LastUpgradeCheck = 0630;
				ORGANIZATIONNAME = "Mike Sevilla";
				TargetAttributes = {
					610C09441AF954C70061FDA3 = {
						CreatedOnToolsVersion = 6.3.1;
						DevelopmentTeam = PY9957M84G;
					};
					610C095B1AF954C70061FDA3 = {
						CreatedOnToolsVersion = 6.3.1;
						TestTargetID = 610C09441AF954C70061FDA3;
					};
				};
			};
			buildConfigurationList = 610C09401AF954C70061FDA3 /* Build configuration list for PBXProject "MyPantry" */;
			compatibilityVersion = "Xcode 3.2";
			developmentRegion = English;
			hasScannedForEncodings = 0;
			knownRegions = (
				en,
				Base,
			);
			mainGroup = 610C093C1AF954C70061FDA3;
			productRefGroup = 610C09461AF954C70061FDA3 /* Products */;
			projectDirPath = "";
			projectRoot = "";
			targets = (
				610C09441AF954C70061FDA3 /* MyPantry */,
				610C095B1AF954C70061FDA3 /* MyPantryTests */,
			);
		};
/* End PBXProject section */

/* Begin PBXResourcesBuildPhase section */
		610C09431AF954C70061FDA3 /* Resources */ = {
			isa = PBXResourcesBuildPhase;
			buildActionMask = 2147483647;
			files = (
				610C09521AF954C70061FDA3 /* Main.storyboard in Resources */,
				610C09571AF954C70061FDA3 /* LaunchScreen.xib in Resources */,
				610C09541AF954C70061FDA3 /* Images.xcassets in Resources */,
			);
			runOnlyForDeploymentPostprocessing = 0;
		};
		610C095A1AF954C70061FDA3 /* Resources */ = {
			isa = PBXResourcesBuildPhase;
			buildActionMask = 2147483647;
			files = (
			);
			runOnlyForDeploymentPostprocessing = 0;
		};
/* End PBXResourcesBuildPhase section */

/* Begin PBXSourcesBuildPhase section */
		610C09411AF954C70061FDA3 /* Sources */ = {
			isa = PBXSourcesBuildPhase;
			buildActionMask = 2147483647;
			files = (
				61CF8E121B06BA64005725A0 /* RSUnifiedCodeGenerator.swift in Sources */,
				61CF8E111B06BA64005725A0 /* RSITFGenerator.swift in Sources */,
				61CF8E061B06BA64005725A0 /* RSCode39Mod43Generator.swift in Sources */,
				6132706B1B2645190051FADF /* MyPantry.xcdatamodeld in Sources */,
				61CF8E091B06BA64005725A0 /* RSCodeGenerator.swift in Sources */,
				61CF8E191B0720E1005725A0 /* ShoppingListViewController.swift in Sources */,
				610C094F1AF954C70061FDA3 /* ScanItemViewController.swift in Sources */,
				61CF8E131B06BA64005725A0 /* RSUPCEGenerator.swift in Sources */,
				61CF8E0D1B06BA64005725A0 /* RSEANGenerator.swift in Sources */,
				610C094B1AF954C70061FDA3 /* AppDelegate.swift in Sources */,
				61CF8E141B06BA64005725A0 /* StringExtension.swift in Sources */,
				61CF8E081B06BA64005725A0 /* RSCode128Generator.swift in Sources */,
				61CF8E0E1B06BA64005725A0 /* RSExtendedCode39Generator.swift in Sources */,
				610C096D1AF963990061FDA3 /* PantryListViewController.swift in Sources */,
				613270A01B26F4370051FADF /* PrepShoppingListItemsViewController.swift in Sources */,
				61CF8E101B06BA64005725A0 /* RSITF14Generator.swift in Sources */,
				61CF8E051B06BA64005725A0 /* RSCode39Generator.swift in Sources */,
				61CF8E071B06BA64005725A0 /* RSCode93Generator.swift in Sources */,
				610C094D1AF954C70061FDA3 /* PrepShoppingListViewController.swift in Sources */,
				61CF8E0A1B06BA64005725A0 /* RSCodeLayer.swift in Sources */,
				61CF8E0B1B06BA64005725A0 /* RSCodeReaderViewController.swift in Sources */,
				61DA8EF41B16885B00ED37B7 /* CategoryViewController.swift in Sources */,
				61CF8E151B06BA64005725A0 /* UIColorExtension.swift in Sources */,
				61CF8E0F1B06BA64005725A0 /* RSFocusMarkLayer.swift in Sources */,
				61CF8E0C1B06BA64005725A0 /* RSCornersLayer.swift in Sources */,
				61CF8E171B06BDFD005725A0 /* AddItemViewController.swift in Sources */,
			);
			runOnlyForDeploymentPostprocessing = 0;
		};
		610C09581AF954C70061FDA3 /* Sources */ = {
			isa = PBXSourcesBuildPhase;
			buildActionMask = 2147483647;
			files = (
				610C09631AF954C70061FDA3 /* MyPantryTests.swift in Sources */,
			);
			runOnlyForDeploymentPostprocessing = 0;
		};
/* End PBXSourcesBuildPhase section */

/* Begin PBXTargetDependency section */
		610C095E1AF954C70061FDA3 /* PBXTargetDependency */ = {
			isa = PBXTargetDependency;
			target = 610C09441AF954C70061FDA3 /* MyPantry */;
			targetProxy = 610C095D1AF954C70061FDA3 /* PBXContainerItemProxy */;
		};
/* End PBXTargetDependency section */

/* Begin PBXVariantGroup section */
		610C09501AF954C70061FDA3 /* Main.storyboard */ = {
			isa = PBXVariantGroup;
			children = (
				610C09511AF954C70061FDA3 /* Base */,
			);
			name = Main.storyboard;
			sourceTree = "<group>";
		};
		610C09551AF954C70061FDA3 /* LaunchScreen.xib */ = {
			isa = PBXVariantGroup;
			children = (
				610C09561AF954C70061FDA3 /* Base */,
			);
			name = LaunchScreen.xib;
			sourceTree = "<group>";
		};
/* End PBXVariantGroup section */

/* Begin XCBuildConfiguration section */
		610C09641AF954C70061FDA3 /* Debug */ = {
			isa = XCBuildConfiguration;
			buildSettings = {
				ALWAYS_SEARCH_USER_PATHS = NO;
				CLANG_CXX_LANGUAGE_STANDARD = "gnu++0x";
				CLANG_CXX_LIBRARY = "libc++";
				CLANG_ENABLE_MODULES = YES;
				CLANG_ENABLE_OBJC_ARC = YES;
				CLANG_WARN_BOOL_CONVERSION = YES;
				CLANG_WARN_CONSTANT_CONVERSION = YES;
				CLANG_WARN_DIRECT_OBJC_ISA_USAGE = YES_ERROR;
				CLANG_WARN_EMPTY_BODY = YES;
				CLANG_WARN_ENUM_CONVERSION = YES;
				CLANG_WARN_INT_CONVERSION = YES;
				CLANG_WARN_OBJC_ROOT_CLASS = YES_ERROR;
				CLANG_WARN_UNREACHABLE_CODE = YES;
				CLANG_WARN__DUPLICATE_METHOD_MATCH = YES;
				"CODE_SIGN_IDENTITY[sdk=iphoneos*]" = "iPhone Developer";
				COPY_PHASE_STRIP = NO;
				DEBUG_INFORMATION_FORMAT = "dwarf-with-dsym";
				ENABLE_STRICT_OBJC_MSGSEND = YES;
				GCC_C_LANGUAGE_STANDARD = gnu99;
				GCC_DYNAMIC_NO_PIC = NO;
				GCC_NO_COMMON_BLOCKS = YES;
				GCC_OPTIMIZATION_LEVEL = 0;
				GCC_PREPROCESSOR_DEFINITIONS = (
					"DEBUG=1",
					"$(inherited)",
				);
				GCC_SYMBOLS_PRIVATE_EXTERN = NO;
				GCC_WARN_64_TO_32_BIT_CONVERSION = YES;
				GCC_WARN_ABOUT_RETURN_TYPE = YES_ERROR;
				GCC_WARN_UNDECLARED_SELECTOR = YES;
				GCC_WARN_UNINITIALIZED_AUTOS = YES_AGGRESSIVE;
				GCC_WARN_UNUSED_FUNCTION = YES;
				GCC_WARN_UNUSED_VARIABLE = YES;
				IPHONEOS_DEPLOYMENT_TARGET = 8.3;
				MTL_ENABLE_DEBUG_INFO = YES;
				ONLY_ACTIVE_ARCH = YES;
				SDKROOT = iphoneos;
				SWIFT_OPTIMIZATION_LEVEL = "-Onone";
			};
			name = Debug;
		};
		610C09651AF954C70061FDA3 /* Release */ = {
			isa = XCBuildConfiguration;
			buildSettings = {
				ALWAYS_SEARCH_USER_PATHS = NO;
				CLANG_CXX_LANGUAGE_STANDARD = "gnu++0x";
				CLANG_CXX_LIBRARY = "libc++";
				CLANG_ENABLE_MODULES = YES;
				CLANG_ENABLE_OBJC_ARC = YES;
				CLANG_WARN_BOOL_CONVERSION = YES;
				CLANG_WARN_CONSTANT_CONVERSION = YES;
				CLANG_WARN_DIRECT_OBJC_ISA_USAGE = YES_ERROR;
				CLANG_WARN_EMPTY_BODY = YES;
				CLANG_WARN_ENUM_CONVERSION = YES;
				CLANG_WARN_INT_CONVERSION = YES;
				CLANG_WARN_OBJC_ROOT_CLASS = YES_ERROR;
				CLANG_WARN_UNREACHABLE_CODE = YES;
				CLANG_WARN__DUPLICATE_METHOD_MATCH = YES;
				"CODE_SIGN_IDENTITY[sdk=iphoneos*]" = "iPhone Developer";
				COPY_PHASE_STRIP = NO;
				DEBUG_INFORMATION_FORMAT = "dwarf-with-dsym";
				ENABLE_NS_ASSERTIONS = NO;
				ENABLE_STRICT_OBJC_MSGSEND = YES;
				GCC_C_LANGUAGE_STANDARD = gnu99;
				GCC_NO_COMMON_BLOCKS = YES;
				GCC_WARN_64_TO_32_BIT_CONVERSION = YES;
				GCC_WARN_ABOUT_RETURN_TYPE = YES_ERROR;
				GCC_WARN_UNDECLARED_SELECTOR = YES;
				GCC_WARN_UNINITIALIZED_AUTOS = YES_AGGRESSIVE;
				GCC_WARN_UNUSED_FUNCTION = YES;
				GCC_WARN_UNUSED_VARIABLE = YES;
				IPHONEOS_DEPLOYMENT_TARGET = 8.3;
				MTL_ENABLE_DEBUG_INFO = NO;
				SDKROOT = iphoneos;
				VALIDATE_PRODUCT = YES;
			};
			name = Release;
		};
		610C09671AF954C70061FDA3 /* Debug */ = {
			isa = XCBuildConfiguration;
			buildSettings = {
				ASSETCATALOG_COMPILER_APPICON_NAME = AppIcon;
				CODE_SIGN_IDENTITY = "iPhone Developer";
				INFOPLIST_FILE = MyPantry/Info.plist;
				LD_RUNPATH_SEARCH_PATHS = "$(inherited) @executable_path/Frameworks";
				PRODUCT_NAME = "$(TARGET_NAME)";
			};
			name = Debug;
		};
		610C09681AF954C70061FDA3 /* Release */ = {
			isa = XCBuildConfiguration;
			buildSettings = {
				ASSETCATALOG_COMPILER_APPICON_NAME = AppIcon;
				CODE_SIGN_IDENTITY = "iPhone Developer";
				INFOPLIST_FILE = MyPantry/Info.plist;
				LD_RUNPATH_SEARCH_PATHS = "$(inherited) @executable_path/Frameworks";
				PRODUCT_NAME = "$(TARGET_NAME)";
			};
			name = Release;
		};
		610C096A1AF954C70061FDA3 /* Debug */ = {
			isa = XCBuildConfiguration;
			buildSettings = {
				BUNDLE_LOADER = "$(TEST_HOST)";
				FRAMEWORK_SEARCH_PATHS = (
					"$(SDKROOT)/Developer/Library/Frameworks",
					"$(inherited)",
				);
				GCC_PREPROCESSOR_DEFINITIONS = (
					"DEBUG=1",
					"$(inherited)",
				);
				INFOPLIST_FILE = MyPantryTests/Info.plist;
				LD_RUNPATH_SEARCH_PATHS = "$(inherited) @executable_path/Frameworks @loader_path/Frameworks";
				PRODUCT_NAME = "$(TARGET_NAME)";
				TEST_HOST = "$(BUILT_PRODUCTS_DIR)/MyPantry.app/MyPantry";
			};
			name = Debug;
		};
		610C096B1AF954C70061FDA3 /* Release */ = {
			isa = XCBuildConfiguration;
			buildSettings = {
				BUNDLE_LOADER = "$(TEST_HOST)";
				FRAMEWORK_SEARCH_PATHS = (
					"$(SDKROOT)/Developer/Library/Frameworks",
					"$(inherited)",
				);
				INFOPLIST_FILE = MyPantryTests/Info.plist;
				LD_RUNPATH_SEARCH_PATHS = "$(inherited) @executable_path/Frameworks @loader_path/Frameworks";
				PRODUCT_NAME = "$(TARGET_NAME)";
				TEST_HOST = "$(BUILT_PRODUCTS_DIR)/MyPantry.app/MyPantry";
			};
			name = Release;
		};
/* End XCBuildConfiguration section */

/* Begin XCConfigurationList section */
		610C09401AF954C70061FDA3 /* Build configuration list for PBXProject "MyPantry" */ = {
			isa = XCConfigurationList;
			buildConfigurations = (
				610C09641AF954C70061FDA3 /* Debug */,
				610C09651AF954C70061FDA3 /* Release */,
			);
			defaultConfigurationIsVisible = 0;
			defaultConfigurationName = Release;
		};
		610C09661AF954C70061FDA3 /* Build configuration list for PBXNativeTarget "MyPantry" */ = {
			isa = XCConfigurationList;
			buildConfigurations = (
				610C09671AF954C70061FDA3 /* Debug */,
				610C09681AF954C70061FDA3 /* Release */,
			);
			defaultConfigurationIsVisible = 0;
			defaultConfigurationName = Release;
		};
		610C09691AF954C70061FDA3 /* Build configuration list for PBXNativeTarget "MyPantryTests" */ = {
			isa = XCConfigurationList;
			buildConfigurations = (
				610C096A1AF954C70061FDA3 /* Debug */,
				610C096B1AF954C70061FDA3 /* Release */,
			);
			defaultConfigurationIsVisible = 0;
			defaultConfigurationName = Release;
		};
/* End XCConfigurationList section */

/* Begin XCVersionGroup section */
		613270691B2645190051FADF /* MyPantry.xcdatamodeld */ = {
			isa = XCVersionGroup;
			children = (
				6132706A1B2645190051FADF /* MyPantry.xcdatamodel */,
			);
			currentVersion = 6132706A1B2645190051FADF /* MyPantry.xcdatamodel */;
			path = MyPantry.xcdatamodeld;
			sourceTree = "<group>";
			versionGroupType = wrapper.xcdatamodel;
		};
/* End XCVersionGroup section */
	};
	rootObject = 610C093D1AF954C70061FDA3 /* Project object */;
}
